
Microsoft Visual Studio Solution File, Format Version 12.00
# Visual Studio Version 17
VisualStudioVersion = 17.14.36327.8 d17.14
MinimumVisualStudioVersion = 10.0.40219.1
Project("{FAE04EC0-301F-11D3-BF4B-00C04F79EFBC}") = "SistemaVehiculos", "SistemaVehiculos\SistemaVehiculos.csproj", "{6CB2C87E-0A9C-480C-864B-2AA3373D8668}"
EndProject
Global
	GlobalSection(SolutionConfigurationPlatforms) = preSolution
		Debug|Any CPU = Debug|Any CPU
		Release|Any CPU = Release|Any CPU
	EndGlobalSection
	GlobalSection(ProjectConfigurationPlatforms) = postSolution
		{6CB2C87E-0A9C-480C-864B-2AA3373D8668}.Debug|Any CPU.ActiveCfg = Debug|Any CPU
		{6CB2C87E-0A9C-480C-864B-2AA3373D8668}.Debug|Any CPU.Build.0 = Debug|Any CPU
		{6CB2C87E-0A9C-480C-864B-2AA3373D8668}.Release|Any CPU.ActiveCfg = Release|Any CPU
		{6CB2C87E-0A9C-480C-864B-2AA3373D8668}.Release|Any CPU.Build.0 = Release|Any CPU
	EndGlobalSection
	GlobalSection(SolutionProperties) = preSolution
		HideSolutionNode = FALSE
	EndGlobalSection
	GlobalSection(ExtensibilityGlobals) = postSolution
		SolutionGuid = {7595B752-75B6-4935-ADB9-FF8570B17EF1}
	EndGlobalSection
EndGlobal
